// !$*UTF8*$!
{
	archiveVersion = 1;
	classes = {
	};
	objectVersion = 48;
	objects = {

/* Begin PBXBuildFile section */
		C7C4A62E206D2C3100713A0F /* AppDelegate.swift in Sources */ = {isa = PBXBuildFile; fileRef = C7C4A62D206D2C3100713A0F /* AppDelegate.swift */; };
		C7C4A630206D2C3100713A0F /* ViewController.swift in Sources */ = {isa = PBXBuildFile; fileRef = C7C4A62F206D2C3100713A0F /* ViewController.swift */; };
		C7C4A633206D2C3100713A0F /* Main.storyboard in Resources */ = {isa = PBXBuildFile; fileRef = C7C4A631206D2C3100713A0F /* Main.storyboard */; };
		C7C4A635206D2C3100713A0F /* Assets.xcassets in Resources */ = {isa = PBXBuildFile; fileRef = C7C4A634206D2C3100713A0F /* Assets.xcassets */; };
		C7C4A638206D2C3100713A0F /* LaunchScreen.storyboard in Resources */ = {isa = PBXBuildFile; fileRef = C7C4A636206D2C3100713A0F /* LaunchScreen.storyboard */; };
		C7C4A643206D2C3100713A0F /* MapTests.swift in Sources */ = {isa = PBXBuildFile; fileRef = C7C4A642206D2C3100713A0F /* MapTests.swift */; };
		C7C4A64E206D2C3100713A0F /* MapUITests.swift in Sources */ = {isa = PBXBuildFile; fileRef = C7C4A64D206D2C3100713A0F /* MapUITests.swift */; };
/* End PBXBuildFile section */

/* Begin PBXContainerItemProxy section */
		C7C4A63F206D2C3100713A0F /* PBXContainerItemProxy */ = {
			isa = PBXContainerItemProxy;
			containerPortal = C7C4A622206D2C3100713A0F /* Project object */;
			proxyType = 1;
			remoteGlobalIDString = C7C4A629206D2C3100713A0F;
			remoteInfo = Map;
		};
		C7C4A64A206D2C3100713A0F /* PBXContainerItemProxy */ = {
			isa = PBXContainerItemProxy;
			containerPortal = C7C4A622206D2C3100713A0F /* Project object */;
			proxyType = 1;
			remoteGlobalIDString = C7C4A629206D2C3100713A0F;
			remoteInfo = Map;
		};
/* End PBXContainerItemProxy section */

/* Begin PBXFileReference section */
		C7C4A62A206D2C3100713A0F /* Map.app */ = {isa = PBXFileReference; explicitFileType = wrapper.application; includeInIndex = 0; path = Map.app; sourceTree = BUILT_PRODUCTS_DIR; };
		C7C4A62D206D2C3100713A0F /* AppDelegate.swift */ = {isa = PBXFileReference; lastKnownFileType = sourcecode.swift; path = AppDelegate.swift; sourceTree = "<group>"; };
		C7C4A62F206D2C3100713A0F /* ViewController.swift */ = {isa = PBXFileReference; lastKnownFileType = sourcecode.swift; path = ViewController.swift; sourceTree = "<group>"; };
		C7C4A632206D2C3100713A0F /* Base */ = {isa = PBXFileReference; lastKnownFileType = file.storyboard; name = Base; path = Base.lproj/Main.storyboard; sourceTree = "<group>"; };
		C7C4A634206D2C3100713A0F /* Assets.xcassets */ = {isa = PBXFileReference; lastKnownFileType = folder.assetcatalog; path = Assets.xcassets; sourceTree = "<group>"; };
		C7C4A637206D2C3100713A0F /* Base */ = {isa = PBXFileReference; lastKnownFileType = file.storyboard; name = Base; path = Base.lproj/LaunchScreen.storyboard; sourceTree = "<group>"; };
		C7C4A639206D2C3100713A0F /* Info.plist */ = {isa = PBXFileReference; lastKnownFileType = text.plist.xml; path = Info.plist; sourceTree = "<group>"; };
		C7C4A63E206D2C3100713A0F /* MapTests.xctest */ = {isa = PBXFileReference; explicitFileType = wrapper.cfbundle; includeInIndex = 0; path = MapTests.xctest; sourceTree = BUILT_PRODUCTS_DIR; };
		C7C4A642206D2C3100713A0F /* MapTests.swift */ = {isa = PBXFileReference; lastKnownFileType = sourcecode.swift; path = MapTests.swift; sourceTree = "<group>"; };
		C7C4A644206D2C3100713A0F /* Info.plist */ = {isa = PBXFileReference; lastKnownFileType = text.plist.xml; path = Info.plist; sourceTree = "<group>"; };
		C7C4A649206D2C3100713A0F /* MapUITests.xctest */ = {isa = PBXFileReference; explicitFileType = wrapper.cfbundle; includeInIndex = 0; path = MapUITests.xctest; sourceTree = BUILT_PRODUCTS_DIR; };
		C7C4A64D206D2C3100713A0F /* MapUITests.swift */ = {isa = PBXFileReference; lastKnownFileType = sourcecode.swift; path = MapUITests.swift; sourceTree = "<group>"; };
		C7C4A64F206D2C3100713A0F /* Info.plist */ = {isa = PBXFileReference; lastKnownFileType = text.plist.xml; path = Info.plist; sourceTree = "<group>"; };
/* End PBXFileReference section */

/* Begin PBXFrameworksBuildPhase section */
		C7C4A627206D2C3100713A0F /* Frameworks */ = {
			isa = PBXFrameworksBuildPhase;
			buildActionMask = 2147483647;
			files = (
			);
			runOnlyForDeploymentPostprocessing = 0;
		};
		C7C4A63B206D2C3100713A0F /* Frameworks */ = {
			isa = PBXFrameworksBuildPhase;
			buildActionMask = 2147483647;
			files = (
			);
			runOnlyForDeploymentPostprocessing = 0;
		};
		C7C4A646206D2C3100713A0F /* Frameworks */ = {
			isa = PBXFrameworksBuildPhase;
			buildActionMask = 2147483647;
			files = (
			);
			runOnlyForDeploymentPostprocessing = 0;
		};
/* End PBXFrameworksBuildPhase section */

/* Begin PBXGroup section */
		C7C4A621206D2C3100713A0F = {
			isa = PBXGroup;
			children = (
				C7C4A62C206D2C3100713A0F /* Map */,
				C7C4A641206D2C3100713A0F /* MapTests */,
				C7C4A64C206D2C3100713A0F /* MapUITests */,
				C7C4A62B206D2C3100713A0F /* Products */,
			);
			sourceTree = "<group>";
		};
		C7C4A62B206D2C3100713A0F /* Products */ = {
			isa = PBXGroup;
			children = (
				C7C4A62A206D2C3100713A0F /* Map.app */,
				C7C4A63E206D2C3100713A0F /* MapTests.xctest */,
				C7C4A649206D2C3100713A0F /* MapUITests.xctest */,
			);
			name = Products;
			sourceTree = "<group>";
		};
		C7C4A62C206D2C3100713A0F /* Map */ = {
			isa = PBXGroup;
			children = (
				C7C4A62D206D2C3100713A0F /* AppDelegate.swift */,
				C7C4A62F206D2C3100713A0F /* ViewController.swift */,
				C7C4A631206D2C3100713A0F /* Main.storyboard */,
				C7C4A634206D2C3100713A0F /* Assets.xcassets */,
				C7C4A636206D2C3100713A0F /* LaunchScreen.storyboard */,
				C7C4A639206D2C3100713A0F /* Info.plist */,
			);
			path = Map;
			sourceTree = "<group>";
		};
		C7C4A641206D2C3100713A0F /* MapTests */ = {
			isa = PBXGroup;
			children = (
				C7C4A642206D2C3100713A0F /* MapTests.swift */,
				C7C4A644206D2C3100713A0F /* Info.plist */,
			);
			path = MapTests;
			sourceTree = "<group>";
		};
		C7C4A64C206D2C3100713A0F /* MapUITests */ = {
			isa = PBXGroup;
			children = (
				C7C4A64D206D2C3100713A0F /* MapUITests.swift */,
				C7C4A64F206D2C3100713A0F /* Info.plist */,
			);
			path = MapUITests;
			sourceTree = "<group>";
		};
/* End PBXGroup section */

/* Begin PBXNativeTarget section */
		C7C4A629206D2C3100713A0F /* Map */ = {
			isa = PBXNativeTarget;
			buildConfigurationList = C7C4A652206D2C3100713A0F /* Build configuration list for PBXNativeTarget "Map" */;
			buildPhases = (
				C7C4A626206D2C3100713A0F /* Sources */,
				C7C4A627206D2C3100713A0F /* Frameworks */,
				C7C4A628206D2C3100713A0F /* Resources */,
			);
			buildRules = (
			);
			dependencies = (
			);
			name = Map;
			productName = Map;
			productReference = C7C4A62A206D2C3100713A0F /* Map.app */;
			productType = "com.apple.product-type.application";
		};
		C7C4A63D206D2C3100713A0F /* MapTests */ = {
			isa = PBXNativeTarget;
			buildConfigurationList = C7C4A655206D2C3100713A0F /* Build configuration list for PBXNativeTarget "MapTests" */;
			buildPhases = (
				C7C4A63A206D2C3100713A0F /* Sources */,
				C7C4A63B206D2C3100713A0F /* Frameworks */,
				C7C4A63C206D2C3100713A0F /* Resources */,
			);
			buildRules = (
			);
			dependencies = (
				C7C4A640206D2C3100713A0F /* PBXTargetDependency */,
			);
			name = MapTests;
			productName = MapTests;
			productReference = C7C4A63E206D2C3100713A0F /* MapTests.xctest */;
			productType = "com.apple.product-type.bundle.unit-test";
		};
		C7C4A648206D2C3100713A0F /* MapUITests */ = {
			isa = PBXNativeTarget;
			buildConfigurationList = C7C4A658206D2C3100713A0F /* Build configuration list for PBXNativeTarget "MapUITests" */;
			buildPhases = (
				C7C4A645206D2C3100713A0F /* Sources */,
				C7C4A646206D2C3100713A0F /* Frameworks */,
				C7C4A647206D2C3100713A0F /* Resources */,
			);
			buildRules = (
			);
			dependencies = (
				C7C4A64B206D2C3100713A0F /* PBXTargetDependency */,
			);
			name = MapUITests;
			productName = MapUITests;
			productReference = C7C4A649206D2C3100713A0F /* MapUITests.xctest */;
			productType = "com.apple.product-type.bundle.ui-testing";
		};
/* End PBXNativeTarget section */

/* Begin PBXProject section */
		C7C4A622206D2C3100713A0F /* Project object */ = {
			isa = PBXProject;
			attributes = {
				LastSwiftUpdateCheck = 0920;
				LastUpgradeCheck = 0920;
				ORGANIZATIONNAME = "a2b DesignLabs";
				TargetAttributes = {
					C7C4A629206D2C3100713A0F = {
						CreatedOnToolsVersion = 9.2;
						ProvisioningStyle = Automatic;
					};
					C7C4A63D206D2C3100713A0F = {
						CreatedOnToolsVersion = 9.2;
						ProvisioningStyle = Automatic;
						TestTargetID = C7C4A629206D2C3100713A0F;
					};
					C7C4A648206D2C3100713A0F = {
						CreatedOnToolsVersion = 9.2;
						ProvisioningStyle = Automatic;
						TestTargetID = C7C4A629206D2C3100713A0F;
					};
				};
			};
			buildConfigurationList = C7C4A625206D2C3100713A0F /* Build configuration list for PBXProject "Map" */;
			compatibilityVersion = "Xcode 8.0";
			developmentRegion = en;
			hasScannedForEncodings = 0;
			knownRegions = (
				en,
				Base,
			);
			mainGroup = C7C4A621206D2C3100713A0F;
			productRefGroup = C7C4A62B206D2C3100713A0F /* Products */;
			projectDirPath = "";
			projectRoot = "";
			targets = (
				C7C4A629206D2C3100713A0F /* Map */,
				C7C4A63D206D2C3100713A0F /* MapTests */,
				C7C4A648206D2C3100713A0F /* MapUITests */,
			);
		};
/* End PBXProject section */

/* Begin PBXResourcesBuildPhase section */
		C7C4A628206D2C3100713A0F /* Resources */ = {
			isa = PBXResourcesBuildPhase;
			buildActionMask = 2147483647;
			files = (
				C7C4A638206D2C3100713A0F /* LaunchScreen.storyboard in Resources */,
				C7C4A635206D2C3100713A0F /* Assets.xcassets in Resources */,
				C7C4A633206D2C3100713A0F /* Main.storyboard in Resources */,
			);
			runOnlyForDeploymentPostprocessing = 0;
		};
		C7C4A63C206D2C3100713A0F /* Resources */ = {
			isa = PBXResourcesBuildPhase;
			buildActionMask = 2147483647;
			files = (
			);
			runOnlyForDeploymentPostprocessing = 0;
		};
		C7C4A647206D2C3100713A0F /* Resources */ = {
			isa = PBXResourcesBuildPhase;
			buildActionMask = 2147483647;
			files = (
			);
			runOnlyForDeploymentPostprocessing = 0;
		};
/* End PBXResourcesBuildPhase section */

/* Begin PBXSourcesBuildPhase section */
		C7C4A626206D2C3100713A0F /* Sources */ = {
			isa = PBXSourcesBuildPhase;
			buildActionMask = 2147483647;
			files = (
				C7C4A630206D2C3100713A0F /* ViewController.swift in Sources */,
				C7C4A62E206D2C3100713A0F /* AppDelegate.swift in Sources */,
			);
			runOnlyForDeploymentPostprocessing = 0;
		};
		C7C4A63A206D2C3100713A0F /* Sources */ = {
			isa = PBXSourcesBuildPhase;
			buildActionMask = 2147483647;
			files = (
				C7C4A643206D2C3100713A0F /* MapTests.swift in Sources */,
			);
			runOnlyForDeploymentPostprocessing = 0;
		};
		C7C4A645206D2C3100713A0F /* Sources */ = {
			isa = PBXSourcesBuildPhase;
			buildActionMask = 2147483647;
			files = (
				C7C4A64E206D2C3100713A0F /* MapUITests.swift in Sources */,
			);
			runOnlyForDeploymentPostprocessing = 0;
		};
/* End PBXSourcesBuildPhase section */

/* Begin PBXTargetDependency section */
		C7C4A640206D2C3100713A0F /* PBXTargetDependency */ = {
			isa = PBXTargetDependency;
			target = C7C4A629206D2C3100713A0F /* Map */;
			targetProxy = C7C4A63F206D2C3100713A0F /* PBXContainerItemProxy */;
		};
		C7C4A64B206D2C3100713A0F /* PBXTargetDependency */ = {
			isa = PBXTargetDependency;
			target = C7C4A629206D2C3100713A0F /* Map */;
			targetProxy = C7C4A64A206D2C3100713A0F /* PBXContainerItemProxy */;
		};
/* End PBXTargetDependency section */

/* Begin PBXVariantGroup section */
		C7C4A631206D2C3100713A0F /* Main.storyboard */ = {
			isa = PBXVariantGroup;
			children = (
				C7C4A632206D2C3100713A0F /* Base */,
			);
			name = Main.storyboard;
			sourceTree = "<group>";
		};
		C7C4A636206D2C3100713A0F /* LaunchScreen.storyboard */ = {
			isa = PBXVariantGroup;
			children = (
				C7C4A637206D2C3100713A0F /* Base */,
			);
			name = LaunchScreen.storyboard;
			sourceTree = "<group>";
		};
/* End PBXVariantGroup section */

/* Begin XCBuildConfiguration section */
		C7C4A650206D2C3100713A0F /* Debug */ = {
			isa = XCBuildConfiguration;
			buildSettings = {
				ALWAYS_SEARCH_USER_PATHS = NO;
				CLANG_ANALYZER_NONNULL = YES;
				CLANG_ANALYZER_NUMBER_OBJECT_CONVERSION = YES_AGGRESSIVE;
				CLANG_CXX_LANGUAGE_STANDARD = "gnu++14";
				CLANG_CXX_LIBRARY = "libc++";
				CLANG_ENABLE_MODULES = YES;
				CLANG_ENABLE_OBJC_ARC = YES;
				CLANG_WARN_BLOCK_CAPTURE_AUTORELEASING = YES;
				CLANG_WARN_BOOL_CONVERSION = YES;
				CLANG_WARN_COMMA = YES;
				CLANG_WARN_CONSTANT_CONVERSION = YES;
				CLANG_WARN_DIRECT_OBJC_ISA_USAGE = YES_ERROR;
				CLANG_WARN_DOCUMENTATION_COMMENTS = YES;
				CLANG_WARN_EMPTY_BODY = YES;
				CLANG_WARN_ENUM_CONVERSION = YES;
				CLANG_WARN_INFINITE_RECURSION = YES;
				CLANG_WARN_INT_CONVERSION = YES;
				CLANG_WARN_NON_LITERAL_NULL_CONVERSION = YES;
				CLANG_WARN_OBJC_LITERAL_CONVERSION = YES;
				CLANG_WARN_OBJC_ROOT_CLASS = YES_ERROR;
				CLANG_WARN_RANGE_LOOP_ANALYSIS = YES;
				CLANG_WARN_STRICT_PROTOTYPES = YES;
				CLANG_WARN_SUSPICIOUS_MOVE = YES;
				CLANG_WARN_UNGUARDED_AVAILABILITY = YES_AGGRESSIVE;
				CLANG_WARN_UNREACHABLE_CODE = YES;
				CLANG_WARN__DUPLICATE_METHOD_MATCH = YES;
				CODE_SIGN_IDENTITY = "iPhone Developer";
				COPY_PHASE_STRIP = NO;
				DEBUG_INFORMATION_FORMAT = dwarf;
				ENABLE_STRICT_OBJC_MSGSEND = YES;
				ENABLE_TESTABILITY = YES;
				GCC_C_LANGUAGE_STANDARD = gnu11;
				GCC_DYNAMIC_NO_PIC = NO;
				GCC_NO_COMMON_BLOCKS = YES;
				GCC_OPTIMIZATION_LEVEL = 0;
				GCC_PREPROCESSOR_DEFINITIONS = (
					"DEBUG=1",
					"$(inherited)",
				);
				GCC_WARN_64_TO_32_BIT_CONVERSION = YES;
				GCC_WARN_ABOUT_RETURN_TYPE = YES_ERROR;
				GCC_WARN_UNDECLARED_SELECTOR = YES;
				GCC_WARN_UNINITIALIZED_AUTOS = YES_AGGRESSIVE;
				GCC_WARN_UNUSED_FUNCTION = YES;
				GCC_WARN_UNUSED_VARIABLE = YES;
				IPHONEOS_DEPLOYMENT_TARGET = 11.2;
				MTL_ENABLE_DEBUG_INFO = YES;
				ONLY_ACTIVE_ARCH = YES;
				SDKROOT = iphoneos;
				SWIFT_ACTIVE_COMPILATION_CONDITIONS = DEBUG;
				SWIFT_OPTIMIZATION_LEVEL = "-Onone";
			};
			name = Debug;
		};
		C7C4A651206D2C3100713A0F /* Release */ = {
			isa = XCBuildConfiguration;
			buildSettings = {
				ALWAYS_SEARCH_USER_PATHS = NO;
				CLANG_ANALYZER_NONNULL = YES;
				CLANG_ANALYZER_NUMBER_OBJECT_CONVERSION = YES_AGGRESSIVE;
				CLANG_CXX_LANGUAGE_STANDARD = "gnu++14";
				CLANG_CXX_LIBRARY = "libc++";
				CLANG_ENABLE_MODULES = YES;
				CLANG_ENABLE_OBJC_ARC = YES;
				CLANG_WARN_BLOCK_CAPTURE_AUTORELEASING = YES;
				CLANG_WARN_BOOL_CONVERSION = YES;
				CLANG_WARN_COMMA = YES;
				CLANG_WARN_CONSTANT_CONVERSION = YES;
				CLANG_WARN_DIRECT_OBJC_ISA_USAGE = YES_ERROR;
				CLANG_WARN_DOCUMENTATION_COMMENTS = YES;
				CLANG_WARN_EMPTY_BODY = YES;
				CLANG_WARN_ENUM_CONVERSION = YES;
				CLANG_WARN_INFINITE_RECURSION = YES;
				CLANG_WARN_INT_CONVERSION = YES;
				CLANG_WARN_NON_LITERAL_NULL_CONVERSION = YES;
				CLANG_WARN_OBJC_LITERAL_CONVERSION = YES;
				CLANG_WARN_OBJC_ROOT_CLASS = YES_ERROR;
				CLANG_WARN_RANGE_LOOP_ANALYSIS = YES;
				CLANG_WARN_STRICT_PROTOTYPES = YES;
				CLANG_WARN_SUSPICIOUS_MOVE = YES;
				CLANG_WARN_UNGUARDED_AVAILABILITY = YES_AGGRESSIVE;
				CLANG_WARN_UNREACHABLE_CODE = YES;
				CLANG_WARN__DUPLICATE_METHOD_MATCH = YES;
				CODE_SIGN_IDENTITY = "iPhone Developer";
				COPY_PHASE_STRIP = NO;
				DEBUG_INFORMATION_FORMAT = "dwarf-with-dsym";
				ENABLE_NS_ASSERTIONS = NO;
				ENABLE_STRICT_OBJC_MSGSEND = YES;
				GCC_C_LANGUAGE_STANDARD = gnu11;
				GCC_NO_COMMON_BLOCKS = YES;
				GCC_WARN_64_TO_32_BIT_CONVERSION = YES;
				GCC_WARN_ABOUT_RETURN_TYPE = YES_ERROR;
				GCC_WARN_UNDECLARED_SELECTOR = YES;
				GCC_WARN_UNINITIALIZED_AUTOS = YES_AGGRESSIVE;
				GCC_WARN_UNUSED_FUNCTION = YES;
				GCC_WARN_UNUSED_VARIABLE = YES;
				IPHONEOS_DEPLOYMENT_TARGET = 11.2;
				MTL_ENABLE_DEBUG_INFO = NO;
				SDKROOT = iphoneos;
				SWIFT_OPTIMIZATION_LEVEL = "-Owholemodule";
				VALIDATE_PRODUCT = YES;
			};
			name = Release;
		};
		C7C4A653206D2C3100713A0F /* Debug */ = {
			isa = XCBuildConfiguration;
			buildSettings = {
				ASSETCATALOG_COMPILER_APPICON_NAME = AppIcon;
				CODE_SIGN_STYLE = Automatic;
				INFOPLIST_FILE = Map/Info.plist;
				LD_RUNPATH_SEARCH_PATHS = "$(inherited) @executable_path/Frameworks";
				PRODUCT_BUNDLE_IDENTIFIER = a2b.Map;
				PRODUCT_NAME = "$(TARGET_NAME)";
				SWIFT_VERSION = 4.0;
				TARGETED_DEVICE_FAMILY = "1,2";
			};
			name = Debug;
		};
		C7C4A654206D2C3100713A0F /* Release */ = {
			isa = XCBuildConfiguration;
			buildSettings = {
				ASSETCATALOG_COMPILER_APPICON_NAME = AppIcon;
				CODE_SIGN_STYLE = Automatic;
				INFOPLIST_FILE = Map/Info.plist;
				LD_RUNPATH_SEARCH_PATHS = "$(inherited) @executable_path/Frameworks";
				PRODUCT_BUNDLE_IDENTIFIER = a2b.Map;
				PRODUCT_NAME = "$(TARGET_NAME)";
				SWIFT_VERSION = 4.0;
				TARGETED_DEVICE_FAMILY = "1,2";
			};
			name = Release;
		};
		C7C4A656206D2C3100713A0F /* Debug */ = {
			isa = XCBuildConfiguration;
			buildSettings = {
				ALWAYS_EMBED_SWIFT_STANDARD_LIBRARIES = YES;
				BUNDLE_LOADER = "$(TEST_HOST)";
				CODE_SIGN_STYLE = Automatic;
				INFOPLIST_FILE = MapTests/Info.plist;
				LD_RUNPATH_SEARCH_PATHS = "$(inherited) @executable_path/Frameworks @loader_path/Frameworks";
				PRODUCT_BUNDLE_IDENTIFIER = a2b.MapTests;
				PRODUCT_NAME = "$(TARGET_NAME)";
				SWIFT_VERSION = 4.0;
				TARGETED_DEVICE_FAMILY = "1,2";
				TEST_HOST = "$(BUILT_PRODUCTS_DIR)/Map.app/Map";
			};
			name = Debug;
		};
		C7C4A657206D2C3100713A0F /* Release */ = {
			isa = XCBuildConfiguration;
			buildSettings = {
				ALWAYS_EMBED_SWIFT_STANDARD_LIBRARIES = YES;
				BUNDLE_LOADER = "$(TEST_HOST)";
				CODE_SIGN_STYLE = Automatic;
				INFOPLIST_FILE = MapTests/Info.plist;
				LD_RUNPATH_SEARCH_PATHS = "$(inherited) @executable_path/Frameworks @loader_path/Frameworks";
				PRODUCT_BUNDLE_IDENTIFIER = a2b.MapTests;
				PRODUCT_NAME = "$(TARGET_NAME)";
				SWIFT_VERSION = 4.0;
				TARGETED_DEVICE_FAMILY = "1,2";
				TEST_HOST = "$(BUILT_PRODUCTS_DIR)/Map.app/Map";
			};
			name = Release;
		};
		C7C4A659206D2C3100713A0F /* Debug */ = {
			isa = XCBuildConfiguration;
			buildSettings = {
				ALWAYS_EMBED_SWIFT_STANDARD_LIBRARIES = YES;
				CODE_SIGN_STYLE = Automatic;
				INFOPLIST_FILE = MapUITests/Info.plist;
				LD_RUNPATH_SEARCH_PATHS = "$(inherited) @executable_path/Frameworks @loader_path/Frameworks";
				PRODUCT_BUNDLE_IDENTIFIER = a2b.MapUITests;
				PRODUCT_NAME = "$(TARGET_NAME)";
				SWIFT_VERSION = 4.0;
				TARGETED_DEVICE_FAMILY = "1,2";
				TEST_TARGET_NAME = Map;
			};
			name = Debug;
		};
		C7C4A65A206D2C3100713A0F /* Release */ = {
			isa = XCBuildConfiguration;
			buildSettings = {
				ALWAYS_EMBED_SWIFT_STANDARD_LIBRARIES = YES;
				CODE_SIGN_STYLE = Automatic;
				INFOPLIST_FILE = MapUITests/Info.plist;
				LD_RUNPATH_SEARCH_PATHS = "$(inherited) @executable_path/Frameworks @loader_path/Frameworks";
				PRODUCT_BUNDLE_IDENTIFIER = a2b.MapUITests;
				PRODUCT_NAME = "$(TARGET_NAME)";
				SWIFT_VERSION = 4.0;
				TARGETED_DEVICE_FAMILY = "1,2";
				TEST_TARGET_NAME = Map;
			};
			name = Release;
		};
/* End XCBuildConfiguration section */

/* Begin XCConfigurationList section */
		C7C4A625206D2C3100713A0F /* Build configuration list for PBXProject "Map" */ = {
			isa = XCConfigurationList;
			buildConfigurations = (
				C7C4A650206D2C3100713A0F /* Debug */,
				C7C4A651206D2C3100713A0F /* Release */,
			);
			defaultConfigurationIsVisible = 0;
			defaultConfigurationName = Release;
		};
		C7C4A652206D2C3100713A0F /* Build configuration list for PBXNativeTarget "Map" */ = {
			isa = XCConfigurationList;
			buildConfigurations = (
				C7C4A653206D2C3100713A0F /* Debug */,
				C7C4A654206D2C3100713A0F /* Release */,
			);
			defaultConfigurationIsVisible = 0;
			defaultConfigurationName = Release;
		};
		C7C4A655206D2C3100713A0F /* Build configuration list for PBXNativeTarget "MapTests" */ = {
			isa = XCConfigurationList;
			buildConfigurations = (
				C7C4A656206D2C3100713A0F /* Debug */,
				C7C4A657206D2C3100713A0F /* Release */,
			);
			defaultConfigurationIsVisible = 0;
			defaultConfigurationName = Release;
		};
		C7C4A658206D2C3100713A0F /* Build configuration list for PBXNativeTarget "MapUITests" */ = {
			isa = XCConfigurationList;
			buildConfigurations = (
				C7C4A659206D2C3100713A0F /* Debug */,
				C7C4A65A206D2C3100713A0F /* Release */,
			);
			defaultConfigurationIsVisible = 0;
			defaultConfigurationName = Release;
		};
/* End XCConfigurationList section */
	};
	rootObject = C7C4A622206D2C3100713A0F /* Project object */;
}
